
Microsoft Visual Studio Solution File, Format Version 12.00
# Visual Studio Version 17
VisualStudioVersion = 17.4.33122.133
MinimumVisualStudioVersion = 10.0.40219.1
Project("{FAE04EC0-301F-11D3-BF4B-00C04F79EFBC}") = "WebAppMongoDB", "WebAppMongoDB\WebAppMongoDB.csproj", "{B1C91B3C-DA4C-48CE-83EA-660F728B2582}"
EndProject
Global
	GlobalSection(SolutionConfigurationPlatforms) = preSolution
		Debug|Any CPU = Debug|Any CPU
		Release|Any CPU = Release|Any CPU
	EndGlobalSection
	GlobalSection(ProjectConfigurationPlatforms) = postSolution
		{B1C91B3C-DA4C-48CE-83EA-660F728B2582}.Debug|Any CPU.ActiveCfg = Debug|Any CPU
		{B1C91B3C-DA4C-48CE-83EA-660F728B2582}.Debug|Any CPU.Build.0 = Debug|Any CPU
		{B1C91B3C-DA4C-48CE-83EA-660F728B2582}.Release|Any CPU.ActiveCfg = Release|Any CPU
		{B1C91B3C-DA4C-48CE-83EA-660F728B2582}.Release|Any CPU.Build.0 = Release|Any CPU
	EndGlobalSection
	GlobalSection(SolutionProperties) = preSolution
		HideSolutionNode = FALSE
	EndGlobalSection
	GlobalSection(ExtensibilityGlobals) = postSolution
		SolutionGuid = {1185035E-7709-493B-9DA2-355320DE6B43}
	EndGlobalSection
EndGlobal
